// !$*UTF8*$!
{
	archiveVersion = 1;
	classes = {
	};
	objectVersion = 56;
	objects = {

/* Begin PBXBuildFile section */
		273B5FF82944C535001EDF63 /* CryptoAppApp.swift in Sources */ = {isa = PBXBuildFile; fileRef = 273B5FF72944C535001EDF63 /* CryptoAppApp.swift */; };
		273B5FFC2944C537001EDF63 /* Assets.xcassets in Resources */ = {isa = PBXBuildFile; fileRef = 273B5FFB2944C537001EDF63 /* Assets.xcassets */; };
		273B600A2944C537001EDF63 /* CryptoAppTests.swift in Sources */ = {isa = PBXBuildFile; fileRef = 273B60092944C537001EDF63 /* CryptoAppTests.swift */; };
		273B60142944C537001EDF63 /* CryptoAppUITests.swift in Sources */ = {isa = PBXBuildFile; fileRef = 273B60132944C537001EDF63 /* CryptoAppUITests.swift */; };
		273B60162944C537001EDF63 /* CryptoAppUITestsLaunchTests.swift in Sources */ = {isa = PBXBuildFile; fileRef = 273B60152944C537001EDF63 /* CryptoAppUITestsLaunchTests.swift */; };
		273B60262944DA5A001EDF63 /* Model.swift in Sources */ = {isa = PBXBuildFile; fileRef = 273B60252944DA5A001EDF63 /* Model.swift */; };
		273B60282944E1D4001EDF63 /* ListViewModel.swift in Sources */ = {isa = PBXBuildFile; fileRef = 273B60272944E1D4001EDF63 /* ListViewModel.swift */; };
		2746DA16294618990074FCC7 /* CardView.swift in Sources */ = {isa = PBXBuildFile; fileRef = 2746DA15294618990074FCC7 /* CardView.swift */; };
		2746DA182946211D0074FCC7 /* ListView.swift in Sources */ = {isa = PBXBuildFile; fileRef = 2746DA172946211D0074FCC7 /* ListView.swift */; };
		2746DA1A29465D5F0074FCC7 /* DetailView.swift in Sources */ = {isa = PBXBuildFile; fileRef = 2746DA1929465D5F0074FCC7 /* DetailView.swift */; };
		2746DA1C29465DAA0074FCC7 /* DetailViewModel.swift in Sources */ = {isa = PBXBuildFile; fileRef = 2746DA1B29465DAA0074FCC7 /* DetailViewModel.swift */; };
		2746DA1E294660230074FCC7 /* LineChart.swift in Sources */ = {isa = PBXBuildFile; fileRef = 2746DA1D294660230074FCC7 /* LineChart.swift */; };
		278780662948A8AE00BAD365 /* DropDownSelection.swift in Sources */ = {isa = PBXBuildFile; fileRef = 278780652948A8AE00BAD365 /* DropDownSelection.swift */; };
		278780682948ADDE00BAD365 /* DropDownSelectionElement.swift in Sources */ = {isa = PBXBuildFile; fileRef = 278780672948ADDE00BAD365 /* DropDownSelectionElement.swift */; };
		27A7552529530DB900401C0B /* CoinInformation.swift in Sources */ = {isa = PBXBuildFile; fileRef = 27A7552429530DB900401C0B /* CoinInformation.swift */; };
		27A7552729530E8600401C0B /* CoinInformationElement.swift in Sources */ = {isa = PBXBuildFile; fileRef = 27A7552629530E8600401C0B /* CoinInformationElement.swift */; };
		27A7552929531EE800401C0B /* LineChartTabs.swift in Sources */ = {isa = PBXBuildFile; fileRef = 27A7552829531EE800401C0B /* LineChartTabs.swift */; };
		E31C08A52961B3DF003BC80E /* NetworkManager.swift in Sources */ = {isa = PBXBuildFile; fileRef = E31C08A42961B3DF003BC80E /* NetworkManager.swift */; };
/* End PBXBuildFile section */

/* Begin PBXContainerItemProxy section */
		273B60062944C537001EDF63 /* PBXContainerItemProxy */ = {
			isa = PBXContainerItemProxy;
			containerPortal = 273B5FEC2944C535001EDF63 /* Project object */;
			proxyType = 1;
			remoteGlobalIDString = 273B5FF32944C535001EDF63;
			remoteInfo = CryptoApp;
		};
		273B60102944C537001EDF63 /* PBXContainerItemProxy */ = {
			isa = PBXContainerItemProxy;
			containerPortal = 273B5FEC2944C535001EDF63 /* Project object */;
			proxyType = 1;
			remoteGlobalIDString = 273B5FF32944C535001EDF63;
			remoteInfo = CryptoApp;
		};
/* End PBXContainerItemProxy section */

/* Begin PBXFileReference section */
		273B5FF42944C535001EDF63 /* CryptoApp.app */ = {isa = PBXFileReference; explicitFileType = wrapper.application; includeInIndex = 0; path = CryptoApp.app; sourceTree = BUILT_PRODUCTS_DIR; };
		273B5FF72944C535001EDF63 /* CryptoAppApp.swift */ = {isa = PBXFileReference; lastKnownFileType = sourcecode.swift; path = CryptoAppApp.swift; sourceTree = "<group>"; };
		273B5FFB2944C537001EDF63 /* Assets.xcassets */ = {isa = PBXFileReference; lastKnownFileType = folder.assetcatalog; path = Assets.xcassets; sourceTree = "<group>"; };
		273B5FFD2944C537001EDF63 /* CryptoApp.entitlements */ = {isa = PBXFileReference; lastKnownFileType = text.plist.entitlements; path = CryptoApp.entitlements; sourceTree = "<group>"; };
		273B60052944C537001EDF63 /* CryptoAppTests.xctest */ = {isa = PBXFileReference; explicitFileType = wrapper.cfbundle; includeInIndex = 0; path = CryptoAppTests.xctest; sourceTree = BUILT_PRODUCTS_DIR; };
		273B60092944C537001EDF63 /* CryptoAppTests.swift */ = {isa = PBXFileReference; lastKnownFileType = sourcecode.swift; path = CryptoAppTests.swift; sourceTree = "<group>"; };
		273B600F2944C537001EDF63 /* CryptoAppUITests.xctest */ = {isa = PBXFileReference; explicitFileType = wrapper.cfbundle; includeInIndex = 0; path = CryptoAppUITests.xctest; sourceTree = BUILT_PRODUCTS_DIR; };
		273B60132944C537001EDF63 /* CryptoAppUITests.swift */ = {isa = PBXFileReference; lastKnownFileType = sourcecode.swift; path = CryptoAppUITests.swift; sourceTree = "<group>"; };
		273B60152944C537001EDF63 /* CryptoAppUITestsLaunchTests.swift */ = {isa = PBXFileReference; lastKnownFileType = sourcecode.swift; path = CryptoAppUITestsLaunchTests.swift; sourceTree = "<group>"; };
		273B60252944DA5A001EDF63 /* Model.swift */ = {isa = PBXFileReference; lastKnownFileType = sourcecode.swift; path = Model.swift; sourceTree = "<group>"; };
		273B60272944E1D4001EDF63 /* ListViewModel.swift */ = {isa = PBXFileReference; lastKnownFileType = sourcecode.swift; path = ListViewModel.swift; sourceTree = "<group>"; };
		2746DA15294618990074FCC7 /* CardView.swift */ = {isa = PBXFileReference; lastKnownFileType = sourcecode.swift; path = CardView.swift; sourceTree = "<group>"; };
		2746DA172946211D0074FCC7 /* ListView.swift */ = {isa = PBXFileReference; lastKnownFileType = sourcecode.swift; path = ListView.swift; sourceTree = "<group>"; };
		2746DA1929465D5F0074FCC7 /* DetailView.swift */ = {isa = PBXFileReference; lastKnownFileType = sourcecode.swift; path = DetailView.swift; sourceTree = "<group>"; };
		2746DA1B29465DAA0074FCC7 /* DetailViewModel.swift */ = {isa = PBXFileReference; lastKnownFileType = sourcecode.swift; path = DetailViewModel.swift; sourceTree = "<group>"; };
		2746DA1D294660230074FCC7 /* LineChart.swift */ = {isa = PBXFileReference; lastKnownFileType = sourcecode.swift; path = LineChart.swift; sourceTree = "<group>"; };
		278780652948A8AE00BAD365 /* DropDownSelection.swift */ = {isa = PBXFileReference; lastKnownFileType = sourcecode.swift; path = DropDownSelection.swift; sourceTree = "<group>"; };
		278780672948ADDE00BAD365 /* DropDownSelectionElement.swift */ = {isa = PBXFileReference; lastKnownFileType = sourcecode.swift; path = DropDownSelectionElement.swift; sourceTree = "<group>"; };
		27A7552429530DB900401C0B /* CoinInformation.swift */ = {isa = PBXFileReference; lastKnownFileType = sourcecode.swift; path = CoinInformation.swift; sourceTree = "<group>"; };
		27A7552629530E8600401C0B /* CoinInformationElement.swift */ = {isa = PBXFileReference; lastKnownFileType = sourcecode.swift; path = CoinInformationElement.swift; sourceTree = "<group>"; };
		27A7552829531EE800401C0B /* LineChartTabs.swift */ = {isa = PBXFileReference; lastKnownFileType = sourcecode.swift; path = LineChartTabs.swift; sourceTree = "<group>"; };
		E31C08A42961B3DF003BC80E /* NetworkManager.swift */ = {isa = PBXFileReference; lastKnownFileType = sourcecode.swift; path = NetworkManager.swift; sourceTree = "<group>"; };
/* End PBXFileReference section */

/* Begin PBXFrameworksBuildPhase section */
		273B5FF12944C535001EDF63 /* Frameworks */ = {
			isa = PBXFrameworksBuildPhase;
			buildActionMask = 2147483647;
			files = (
			);
			runOnlyForDeploymentPostprocessing = 0;
		};
		273B60022944C537001EDF63 /* Frameworks */ = {
			isa = PBXFrameworksBuildPhase;
			buildActionMask = 2147483647;
			files = (
			);
			runOnlyForDeploymentPostprocessing = 0;
		};
		273B600C2944C537001EDF63 /* Frameworks */ = {
			isa = PBXFrameworksBuildPhase;
			buildActionMask = 2147483647;
			files = (
			);
			runOnlyForDeploymentPostprocessing = 0;
		};
/* End PBXFrameworksBuildPhase section */

/* Begin PBXGroup section */
		273B5FEB2944C535001EDF63 = {
			isa = PBXGroup;
			children = (
				273B5FF62944C535001EDF63 /* CryptoApp */,
				273B60082944C537001EDF63 /* CryptoAppTests */,
				273B60122944C537001EDF63 /* CryptoAppUITests */,
				273B5FF52944C535001EDF63 /* Products */,
			);
			sourceTree = "<group>";
		};
		273B5FF52944C535001EDF63 /* Products */ = {
			isa = PBXGroup;
			children = (
				273B5FF42944C535001EDF63 /* CryptoApp.app */,
				273B60052944C537001EDF63 /* CryptoAppTests.xctest */,
				273B600F2944C537001EDF63 /* CryptoAppUITests.xctest */,
			);
			name = Products;
			sourceTree = "<group>";
		};
		273B5FF62944C535001EDF63 /* CryptoApp */ = {
			isa = PBXGroup;
			children = (
				273B5FF72944C535001EDF63 /* CryptoAppApp.swift */,
				273B60242944D8EC001EDF63 /* View */,
				273B60232944D8D7001EDF63 /* ViewModel */,
				273B60222944D8C4001EDF63 /* Model */,
				273B5FFB2944C537001EDF63 /* Assets.xcassets */,
				273B5FFD2944C537001EDF63 /* CryptoApp.entitlements */,
			);
			path = CryptoApp;
			sourceTree = "<group>";
		};
		273B60082944C537001EDF63 /* CryptoAppTests */ = {
			isa = PBXGroup;
			children = (
				273B60092944C537001EDF63 /* CryptoAppTests.swift */,
			);
			path = CryptoAppTests;
			sourceTree = "<group>";
		};
		273B60122944C537001EDF63 /* CryptoAppUITests */ = {
			isa = PBXGroup;
			children = (
				273B60132944C537001EDF63 /* CryptoAppUITests.swift */,
				273B60152944C537001EDF63 /* CryptoAppUITestsLaunchTests.swift */,
			);
			path = CryptoAppUITests;
			sourceTree = "<group>";
		};
		273B60222944D8C4001EDF63 /* Model */ = {
			isa = PBXGroup;
			children = (
				273B60252944DA5A001EDF63 /* Model.swift */,
			);
			path = Model;
			sourceTree = "<group>";
		};
		273B60232944D8D7001EDF63 /* ViewModel */ = {
			isa = PBXGroup;
			children = (
				273B60272944E1D4001EDF63 /* ListViewModel.swift */,
				2746DA1B29465DAA0074FCC7 /* DetailViewModel.swift */,
			);
			path = ViewModel;
			sourceTree = "<group>";
		};
		273B60242944D8EC001EDF63 /* View */ = {
			isa = PBXGroup;
			children = (
				E31C08A42961B3DF003BC80E /* NetworkManager.swift */,
				279353BF2949DB2200EE38EB /* ListView */,
				279353C12949DBBD00EE38EB /* DetailView */,
			);
			path = View;
			sourceTree = "<group>";
		};
		279353BF2949DB2200EE38EB /* ListView */ = {
			isa = PBXGroup;
			children = (
				2746DA172946211D0074FCC7 /* ListView.swift */,
				279353C02949DB8900EE38EB /* Elements */,
			);
			path = ListView;
			sourceTree = "<group>";
		};
		279353C02949DB8900EE38EB /* Elements */ = {
			isa = PBXGroup;
			children = (
				2746DA15294618990074FCC7 /* CardView.swift */,
				278780652948A8AE00BAD365 /* DropDownSelection.swift */,
				278780672948ADDE00BAD365 /* DropDownSelectionElement.swift */,
			);
			path = Elements;
			sourceTree = "<group>";
		};
		279353C12949DBBD00EE38EB /* DetailView */ = {
			isa = PBXGroup;
			children = (
				2746DA1929465D5F0074FCC7 /* DetailView.swift */,
				279353C22949DBCE00EE38EB /* Elements */,
			);
			path = DetailView;
			sourceTree = "<group>";
		};
		279353C22949DBCE00EE38EB /* Elements */ = {
			isa = PBXGroup;
			children = (
				2746DA1D294660230074FCC7 /* LineChart.swift */,
				27A7552829531EE800401C0B /* LineChartTabs.swift */,
				27A7552429530DB900401C0B /* CoinInformation.swift */,
				27A7552629530E8600401C0B /* CoinInformationElement.swift */,
			);
			path = Elements;
			sourceTree = "<group>";
		};
/* End PBXGroup section */

/* Begin PBXNativeTarget section */
		273B5FF32944C535001EDF63 /* CryptoApp */ = {
			isa = PBXNativeTarget;
			buildConfigurationList = 273B60192944C537001EDF63 /* Build configuration list for PBXNativeTarget "CryptoApp" */;
			buildPhases = (
				273B5FF02944C535001EDF63 /* Sources */,
				273B5FF12944C535001EDF63 /* Frameworks */,
				273B5FF22944C535001EDF63 /* Resources */,
			);
			buildRules = (
			);
			dependencies = (
			);
			name = CryptoApp;
			productName = CryptoApp;
			productReference = 273B5FF42944C535001EDF63 /* CryptoApp.app */;
			productType = "com.apple.product-type.application";
		};
		273B60042944C537001EDF63 /* CryptoAppTests */ = {
			isa = PBXNativeTarget;
			buildConfigurationList = 273B601C2944C537001EDF63 /* Build configuration list for PBXNativeTarget "CryptoAppTests" */;
			buildPhases = (
				273B60012944C537001EDF63 /* Sources */,
				273B60022944C537001EDF63 /* Frameworks */,
				273B60032944C537001EDF63 /* Resources */,
			);
			buildRules = (
			);
			dependencies = (
				273B60072944C537001EDF63 /* PBXTargetDependency */,
			);
			name = CryptoAppTests;
			productName = CryptoAppTests;
			productReference = 273B60052944C537001EDF63 /* CryptoAppTests.xctest */;
			productType = "com.apple.product-type.bundle.unit-test";
		};
		273B600E2944C537001EDF63 /* CryptoAppUITests */ = {
			isa = PBXNativeTarget;
			buildConfigurationList = 273B601F2944C537001EDF63 /* Build configuration list for PBXNativeTarget "CryptoAppUITests" */;
			buildPhases = (
				273B600B2944C537001EDF63 /* Sources */,
				273B600C2944C537001EDF63 /* Frameworks */,
				273B600D2944C537001EDF63 /* Resources */,
			);
			buildRules = (
			);
			dependencies = (
				273B60112944C537001EDF63 /* PBXTargetDependency */,
			);
			name = CryptoAppUITests;
			productName = CryptoAppUITests;
			productReference = 273B600F2944C537001EDF63 /* CryptoAppUITests.xctest */;
			productType = "com.apple.product-type.bundle.ui-testing";
		};
/* End PBXNativeTarget section */

/* Begin PBXProject section */
		273B5FEC2944C535001EDF63 /* Project object */ = {
			isa = PBXProject;
			attributes = {
				BuildIndependentTargetsInParallel = 1;
				LastSwiftUpdateCheck = 1410;
				LastUpgradeCheck = 1410;
				TargetAttributes = {
					273B5FF32944C535001EDF63 = {
						CreatedOnToolsVersion = 14.1;
					};
					273B60042944C537001EDF63 = {
						CreatedOnToolsVersion = 14.1;
						TestTargetID = 273B5FF32944C535001EDF63;
					};
					273B600E2944C537001EDF63 = {
						CreatedOnToolsVersion = 14.1;
						TestTargetID = 273B5FF32944C535001EDF63;
					};
				};
			};
			buildConfigurationList = 273B5FEF2944C535001EDF63 /* Build configuration list for PBXProject "Crypto App" */;
			compatibilityVersion = "Xcode 14.0";
			developmentRegion = en;
			hasScannedForEncodings = 0;
			knownRegions = (
				en,
				Base,
			);
			mainGroup = 273B5FEB2944C535001EDF63;
			productRefGroup = 273B5FF52944C535001EDF63 /* Products */;
			projectDirPath = "";
			projectRoot = "";
			targets = (
				273B5FF32944C535001EDF63 /* CryptoApp */,
				273B60042944C537001EDF63 /* CryptoAppTests */,
				273B600E2944C537001EDF63 /* CryptoAppUITests */,
			);
		};
/* End PBXProject section */

/* Begin PBXResourcesBuildPhase section */
		273B5FF22944C535001EDF63 /* Resources */ = {
			isa = PBXResourcesBuildPhase;
			buildActionMask = 2147483647;
			files = (
				273B5FFC2944C537001EDF63 /* Assets.xcassets in Resources */,
			);
			runOnlyForDeploymentPostprocessing = 0;
		};
		273B60032944C537001EDF63 /* Resources */ = {
			isa = PBXResourcesBuildPhase;
			buildActionMask = 2147483647;
			files = (
			);
			runOnlyForDeploymentPostprocessing = 0;
		};
		273B600D2944C537001EDF63 /* Resources */ = {
			isa = PBXResourcesBuildPhase;
			buildActionMask = 2147483647;
			files = (
			);
			runOnlyForDeploymentPostprocessing = 0;
		};
/* End PBXResourcesBuildPhase section */

/* Begin PBXSourcesBuildPhase section */
		273B5FF02944C535001EDF63 /* Sources */ = {
			isa = PBXSourcesBuildPhase;
			buildActionMask = 2147483647;
			files = (
				27A7552529530DB900401C0B /* CoinInformation.swift in Sources */,
				273B60262944DA5A001EDF63 /* Model.swift in Sources */,
				2746DA1E294660230074FCC7 /* LineChart.swift in Sources */,
				27A7552929531EE800401C0B /* LineChartTabs.swift in Sources */,
				2746DA182946211D0074FCC7 /* ListView.swift in Sources */,
				2746DA1A29465D5F0074FCC7 /* DetailView.swift in Sources */,
				E31C08A52961B3DF003BC80E /* NetworkManager.swift in Sources */,
				273B60282944E1D4001EDF63 /* ListViewModel.swift in Sources */,
				273B5FF82944C535001EDF63 /* CryptoAppApp.swift in Sources */,
				2746DA16294618990074FCC7 /* CardView.swift in Sources */,
				2746DA1C29465DAA0074FCC7 /* DetailViewModel.swift in Sources */,
				278780662948A8AE00BAD365 /* DropDownSelection.swift in Sources */,
				27A7552729530E8600401C0B /* CoinInformationElement.swift in Sources */,
				278780682948ADDE00BAD365 /* DropDownSelectionElement.swift in Sources */,
			);
			runOnlyForDeploymentPostprocessing = 0;
		};
		273B60012944C537001EDF63 /* Sources */ = {
			isa = PBXSourcesBuildPhase;
			buildActionMask = 2147483647;
			files = (
				273B600A2944C537001EDF63 /* CryptoAppTests.swift in Sources */,
			);
			runOnlyForDeploymentPostprocessing = 0;
		};
		273B600B2944C537001EDF63 /* Sources */ = {
			isa = PBXSourcesBuildPhase;
			buildActionMask = 2147483647;
			files = (
				273B60142944C537001EDF63 /* CryptoAppUITests.swift in Sources */,
				273B60162944C537001EDF63 /* CryptoAppUITestsLaunchTests.swift in Sources */,
			);
			runOnlyForDeploymentPostprocessing = 0;
		};
/* End PBXSourcesBuildPhase section */

/* Begin PBXTargetDependency section */
		273B60072944C537001EDF63 /* PBXTargetDependency */ = {
			isa = PBXTargetDependency;
			target = 273B5FF32944C535001EDF63 /* CryptoApp */;
			targetProxy = 273B60062944C537001EDF63 /* PBXContainerItemProxy */;
		};
		273B60112944C537001EDF63 /* PBXTargetDependency */ = {
			isa = PBXTargetDependency;
			target = 273B5FF32944C535001EDF63 /* CryptoApp */;
			targetProxy = 273B60102944C537001EDF63 /* PBXContainerItemProxy */;
		};
/* End PBXTargetDependency section */

/* Begin XCBuildConfiguration section */
		273B60172944C537001EDF63 /* Debug */ = {
			isa = XCBuildConfiguration;
			buildSettings = {
				ALWAYS_SEARCH_USER_PATHS = NO;
				CLANG_ANALYZER_NONNULL = YES;
				CLANG_ANALYZER_NUMBER_OBJECT_CONVERSION = YES_AGGRESSIVE;
				CLANG_CXX_LANGUAGE_STANDARD = "gnu++20";
				CLANG_ENABLE_MODULES = YES;
				CLANG_ENABLE_OBJC_ARC = YES;
				CLANG_ENABLE_OBJC_WEAK = YES;
				CLANG_WARN_BLOCK_CAPTURE_AUTORELEASING = YES;
				CLANG_WARN_BOOL_CONVERSION = YES;
				CLANG_WARN_COMMA = YES;
				CLANG_WARN_CONSTANT_CONVERSION = YES;
				CLANG_WARN_DEPRECATED_OBJC_IMPLEMENTATIONS = YES;
				CLANG_WARN_DIRECT_OBJC_ISA_USAGE = YES_ERROR;
				CLANG_WARN_DOCUMENTATION_COMMENTS = YES;
				CLANG_WARN_EMPTY_BODY = YES;
				CLANG_WARN_ENUM_CONVERSION = YES;
				CLANG_WARN_INFINITE_RECURSION = YES;
				CLANG_WARN_INT_CONVERSION = YES;
				CLANG_WARN_NON_LITERAL_NULL_CONVERSION = YES;
				CLANG_WARN_OBJC_IMPLICIT_RETAIN_SELF = YES;
				CLANG_WARN_OBJC_LITERAL_CONVERSION = YES;
				CLANG_WARN_OBJC_ROOT_CLASS = YES_ERROR;
				CLANG_WARN_QUOTED_INCLUDE_IN_FRAMEWORK_HEADER = YES;
				CLANG_WARN_RANGE_LOOP_ANALYSIS = YES;
				CLANG_WARN_STRICT_PROTOTYPES = YES;
				CLANG_WARN_SUSPICIOUS_MOVE = YES;
				CLANG_WARN_UNGUARDED_AVAILABILITY = YES_AGGRESSIVE;
				CLANG_WARN_UNREACHABLE_CODE = YES;
				CLANG_WARN__DUPLICATE_METHOD_MATCH = YES;
				COPY_PHASE_STRIP = NO;
				DEBUG_INFORMATION_FORMAT = dwarf;
				ENABLE_STRICT_OBJC_MSGSEND = YES;
				ENABLE_TESTABILITY = YES;
				GCC_C_LANGUAGE_STANDARD = gnu11;
				GCC_DYNAMIC_NO_PIC = NO;
				GCC_NO_COMMON_BLOCKS = YES;
				GCC_OPTIMIZATION_LEVEL = 0;
				GCC_PREPROCESSOR_DEFINITIONS = (
					"DEBUG=1",
					"$(inherited)",
				);
				GCC_WARN_64_TO_32_BIT_CONVERSION = YES;
				GCC_WARN_ABOUT_RETURN_TYPE = YES_ERROR;
				GCC_WARN_UNDECLARED_SELECTOR = YES;
				GCC_WARN_UNINITIALIZED_AUTOS = YES_AGGRESSIVE;
				GCC_WARN_UNUSED_FUNCTION = YES;
				GCC_WARN_UNUSED_VARIABLE = YES;
				MTL_ENABLE_DEBUG_INFO = INCLUDE_SOURCE;
				MTL_FAST_MATH = YES;
				ONLY_ACTIVE_ARCH = YES;
				SWIFT_ACTIVE_COMPILATION_CONDITIONS = DEBUG;
				SWIFT_OPTIMIZATION_LEVEL = "-Onone";
			};
			name = Debug;
		};
		273B60182944C537001EDF63 /* Release */ = {
			isa = XCBuildConfiguration;
			buildSettings = {
				ALWAYS_SEARCH_USER_PATHS = NO;
				CLANG_ANALYZER_NONNULL = YES;
				CLANG_ANALYZER_NUMBER_OBJECT_CONVERSION = YES_AGGRESSIVE;
				CLANG_CXX_LANGUAGE_STANDARD = "gnu++20";
				CLANG_ENABLE_MODULES = YES;
				CLANG_ENABLE_OBJC_ARC = YES;
				CLANG_ENABLE_OBJC_WEAK = YES;
				CLANG_WARN_BLOCK_CAPTURE_AUTORELEASING = YES;
				CLANG_WARN_BOOL_CONVERSION = YES;
				CLANG_WARN_COMMA = YES;
				CLANG_WARN_CONSTANT_CONVERSION = YES;
				CLANG_WARN_DEPRECATED_OBJC_IMPLEMENTATIONS = YES;
				CLANG_WARN_DIRECT_OBJC_ISA_USAGE = YES_ERROR;
				CLANG_WARN_DOCUMENTATION_COMMENTS = YES;
				CLANG_WARN_EMPTY_BODY = YES;
				CLANG_WARN_ENUM_CONVERSION = YES;
				CLANG_WARN_INFINITE_RECURSION = YES;
				CLANG_WARN_INT_CONVERSION = YES;
				CLANG_WARN_NON_LITERAL_NULL_CONVERSION = YES;
				CLANG_WARN_OBJC_IMPLICIT_RETAIN_SELF = YES;
				CLANG_WARN_OBJC_LITERAL_CONVERSION = YES;
				CLANG_WARN_OBJC_ROOT_CLASS = YES_ERROR;
				CLANG_WARN_QUOTED_INCLUDE_IN_FRAMEWORK_HEADER = YES;
				CLANG_WARN_RANGE_LOOP_ANALYSIS = YES;
				CLANG_WARN_STRICT_PROTOTYPES = YES;
				CLANG_WARN_SUSPICIOUS_MOVE = YES;
				CLANG_WARN_UNGUARDED_AVAILABILITY = YES_AGGRESSIVE;
				CLANG_WARN_UNREACHABLE_CODE = YES;
				CLANG_WARN__DUPLICATE_METHOD_MATCH = YES;
				COPY_PHASE_STRIP = NO;
				DEBUG_INFORMATION_FORMAT = "dwarf-with-dsym";
				ENABLE_NS_ASSERTIONS = NO;
				ENABLE_STRICT_OBJC_MSGSEND = YES;
				GCC_C_LANGUAGE_STANDARD = gnu11;
				GCC_NO_COMMON_BLOCKS = YES;
				GCC_WARN_64_TO_32_BIT_CONVERSION = YES;
				GCC_WARN_ABOUT_RETURN_TYPE = YES_ERROR;
				GCC_WARN_UNDECLARED_SELECTOR = YES;
				GCC_WARN_UNINITIALIZED_AUTOS = YES_AGGRESSIVE;
				GCC_WARN_UNUSED_FUNCTION = YES;
				GCC_WARN_UNUSED_VARIABLE = YES;
				MTL_ENABLE_DEBUG_INFO = NO;
				MTL_FAST_MATH = YES;
				SWIFT_COMPILATION_MODE = wholemodule;
				SWIFT_OPTIMIZATION_LEVEL = "-O";
			};
			name = Release;
		};
		273B601A2944C537001EDF63 /* Debug */ = {
			isa = XCBuildConfiguration;
			buildSettings = {
				ASSETCATALOG_COMPILER_APPICON_NAME = AppIcon;
				ASSETCATALOG_COMPILER_GLOBAL_ACCENT_COLOR_NAME = AccentColor;
				CODE_SIGN_ENTITLEMENTS = CryptoApp/CryptoApp.entitlements;
				CODE_SIGN_STYLE = Automatic;
				CURRENT_PROJECT_VERSION = 1;
				DEVELOPMENT_ASSET_PATHS = "";
				ENABLE_PREVIEWS = YES;
				GENERATE_INFOPLIST_FILE = YES;
				"INFOPLIST_KEY_UIApplicationSceneManifest_Generation[sdk=iphoneos*]" = YES;
				"INFOPLIST_KEY_UIApplicationSceneManifest_Generation[sdk=iphonesimulator*]" = YES;
				"INFOPLIST_KEY_UIApplicationSupportsIndirectInputEvents[sdk=iphoneos*]" = YES;
				"INFOPLIST_KEY_UIApplicationSupportsIndirectInputEvents[sdk=iphonesimulator*]" = YES;
				"INFOPLIST_KEY_UILaunchScreen_Generation[sdk=iphoneos*]" = YES;
				"INFOPLIST_KEY_UILaunchScreen_Generation[sdk=iphonesimulator*]" = YES;
				"INFOPLIST_KEY_UIStatusBarStyle[sdk=iphoneos*]" = UIStatusBarStyleDefault;
				"INFOPLIST_KEY_UIStatusBarStyle[sdk=iphonesimulator*]" = UIStatusBarStyleDefault;
				INFOPLIST_KEY_UISupportedInterfaceOrientations_iPad = "UIInterfaceOrientationPortrait UIInterfaceOrientationPortraitUpsideDown UIInterfaceOrientationLandscapeLeft UIInterfaceOrientationLandscapeRight";
				INFOPLIST_KEY_UISupportedInterfaceOrientations_iPhone = "UIInterfaceOrientationPortrait UIInterfaceOrientationLandscapeLeft UIInterfaceOrientationLandscapeRight";
				IPHONEOS_DEPLOYMENT_TARGET = 16.1;
				LD_RUNPATH_SEARCH_PATHS = "@executable_path/Frameworks";
				"LD_RUNPATH_SEARCH_PATHS[sdk=macosx*]" = "@executable_path/../Frameworks";
				MACOSX_DEPLOYMENT_TARGET = 12.6;
				MARKETING_VERSION = 1.0;
				PRODUCT_BUNDLE_IDENTIFIER = ch.fhnw.CryptoApp;
				PRODUCT_NAME = "$(TARGET_NAME)";
				SDKROOT = auto;
				SUPPORTED_PLATFORMS = "iphoneos iphonesimulator";
				SUPPORTS_MACCATALYST = NO;
				SUPPORTS_MAC_DESIGNED_FOR_IPHONE_IPAD = NO;
				SWIFT_EMIT_LOC_STRINGS = YES;
				SWIFT_VERSION = 5.0;
				TARGETED_DEVICE_FAMILY = "1,2";
			};
			name = Debug;
		};
		273B601B2944C537001EDF63 /* Release */ = {
			isa = XCBuildConfiguration;
			buildSettings = {
				ASSETCATALOG_COMPILER_APPICON_NAME = AppIcon;
				ASSETCATALOG_COMPILER_GLOBAL_ACCENT_COLOR_NAME = AccentColor;
				CODE_SIGN_ENTITLEMENTS = CryptoApp/CryptoApp.entitlements;
				CODE_SIGN_STYLE = Automatic;
				CURRENT_PROJECT_VERSION = 1;
				DEVELOPMENT_ASSET_PATHS = "";
				ENABLE_PREVIEWS = YES;
				GENERATE_INFOPLIST_FILE = YES;
				"INFOPLIST_KEY_UIApplicationSceneManifest_Generation[sdk=iphoneos*]" = YES;
				"INFOPLIST_KEY_UIApplicationSceneManifest_Generation[sdk=iphonesimulator*]" = YES;
				"INFOPLIST_KEY_UIApplicationSupportsIndirectInputEvents[sdk=iphoneos*]" = YES;
				"INFOPLIST_KEY_UIApplicationSupportsIndirectInputEvents[sdk=iphonesimulator*]" = YES;
				"INFOPLIST_KEY_UILaunchScreen_Generation[sdk=iphoneos*]" = YES;
				"INFOPLIST_KEY_UILaunchScreen_Generation[sdk=iphonesimulator*]" = YES;
				"INFOPLIST_KEY_UIStatusBarStyle[sdk=iphoneos*]" = UIStatusBarStyleDefault;
				"INFOPLIST_KEY_UIStatusBarStyle[sdk=iphonesimulator*]" = UIStatusBarStyleDefault;
				INFOPLIST_KEY_UISupportedInterfaceOrientations_iPad = "UIInterfaceOrientationPortrait UIInterfaceOrientationPortraitUpsideDown UIInterfaceOrientationLandscapeLeft UIInterfaceOrientationLandscapeRight";
				INFOPLIST_KEY_UISupportedInterfaceOrientations_iPhone = "UIInterfaceOrientationPortrait UIInterfaceOrientationLandscapeLeft UIInterfaceOrientationLandscapeRight";
				IPHONEOS_DEPLOYMENT_TARGET = 16.1;
				LD_RUNPATH_SEARCH_PATHS = "@executable_path/Frameworks";
				"LD_RUNPATH_SEARCH_PATHS[sdk=macosx*]" = "@executable_path/../Frameworks";
				MACOSX_DEPLOYMENT_TARGET = 12.6;
				MARKETING_VERSION = 1.0;
				PRODUCT_BUNDLE_IDENTIFIER = ch.fhnw.CryptoApp;
				PRODUCT_NAME = "$(TARGET_NAME)";
				SDKROOT = auto;
				SUPPORTED_PLATFORMS = "iphoneos iphonesimulator";
				SUPPORTS_MACCATALYST = NO;
				SUPPORTS_MAC_DESIGNED_FOR_IPHONE_IPAD = NO;
				SWIFT_EMIT_LOC_STRINGS = YES;
				SWIFT_VERSION = 5.0;
				TARGETED_DEVICE_FAMILY = "1,2";
			};
			name = Release;
		};
		273B601D2944C537001EDF63 /* Debug */ = {
			isa = XCBuildConfiguration;
			buildSettings = {
				ALWAYS_EMBED_SWIFT_STANDARD_LIBRARIES = YES;
				BUNDLE_LOADER = "$(TEST_HOST)";
				CODE_SIGN_STYLE = Automatic;
				CURRENT_PROJECT_VERSION = 1;
				GENERATE_INFOPLIST_FILE = YES;
				IPHONEOS_DEPLOYMENT_TARGET = 16.1;
				MACOSX_DEPLOYMENT_TARGET = 12.6;
				MARKETING_VERSION = 1.0;
				PRODUCT_BUNDLE_IDENTIFIER = ch.fhnw.CryptoAppTests;
				PRODUCT_NAME = "$(TARGET_NAME)";
				SDKROOT = auto;
				SUPPORTED_PLATFORMS = "iphoneos iphonesimulator";
				SUPPORTS_MACCATALYST = NO;
				SUPPORTS_MAC_DESIGNED_FOR_IPHONE_IPAD = NO;
				SWIFT_EMIT_LOC_STRINGS = NO;
				SWIFT_VERSION = 5.0;
				TARGETED_DEVICE_FAMILY = "1,2";
				TEST_HOST = "$(BUILT_PRODUCTS_DIR)/CryptoApp.app/$(BUNDLE_EXECUTABLE_FOLDER_PATH)/CryptoApp";
			};
			name = Debug;
		};
		273B601E2944C537001EDF63 /* Release */ = {
			isa = XCBuildConfiguration;
			buildSettings = {
				ALWAYS_EMBED_SWIFT_STANDARD_LIBRARIES = YES;
				BUNDLE_LOADER = "$(TEST_HOST)";
				CODE_SIGN_STYLE = Automatic;
				CURRENT_PROJECT_VERSION = 1;
				GENERATE_INFOPLIST_FILE = YES;
				IPHONEOS_DEPLOYMENT_TARGET = 16.1;
				MACOSX_DEPLOYMENT_TARGET = 12.6;
				MARKETING_VERSION = 1.0;
				PRODUCT_BUNDLE_IDENTIFIER = ch.fhnw.CryptoAppTests;
				PRODUCT_NAME = "$(TARGET_NAME)";
				SDKROOT = auto;
				SUPPORTED_PLATFORMS = "iphoneos iphonesimulator";
				SUPPORTS_MACCATALYST = NO;
				SUPPORTS_MAC_DESIGNED_FOR_IPHONE_IPAD = NO;
				SWIFT_EMIT_LOC_STRINGS = NO;
				SWIFT_VERSION = 5.0;
				TARGETED_DEVICE_FAMILY = "1,2";
				TEST_HOST = "$(BUILT_PRODUCTS_DIR)/CryptoApp.app/$(BUNDLE_EXECUTABLE_FOLDER_PATH)/CryptoApp";
			};
			name = Release;
		};
		273B60202944C537001EDF63 /* Debug */ = {
			isa = XCBuildConfiguration;
			buildSettings = {
				ALWAYS_EMBED_SWIFT_STANDARD_LIBRARIES = YES;
				CODE_SIGN_STYLE = Automatic;
				CURRENT_PROJECT_VERSION = 1;
				GENERATE_INFOPLIST_FILE = YES;
				IPHONEOS_DEPLOYMENT_TARGET = 16.1;
				MACOSX_DEPLOYMENT_TARGET = 12.6;
				MARKETING_VERSION = 1.0;
				PRODUCT_BUNDLE_IDENTIFIER = ch.fhnw.CryptoAppUITests;
				PRODUCT_NAME = "$(TARGET_NAME)";
				SDKROOT = auto;
				SUPPORTED_PLATFORMS = "iphoneos iphonesimulator";
				SUPPORTS_MACCATALYST = NO;
				SUPPORTS_MAC_DESIGNED_FOR_IPHONE_IPAD = NO;
				SWIFT_EMIT_LOC_STRINGS = NO;
				SWIFT_VERSION = 5.0;
				TARGETED_DEVICE_FAMILY = "1,2";
				TEST_TARGET_NAME = CryptoApp;
			};
			name = Debug;
		};
		273B60212944C537001EDF63 /* Release */ = {
			isa = XCBuildConfiguration;
			buildSettings = {
				ALWAYS_EMBED_SWIFT_STANDARD_LIBRARIES = YES;
				CODE_SIGN_STYLE = Automatic;
				CURRENT_PROJECT_VERSION = 1;
				GENERATE_INFOPLIST_FILE = YES;
				IPHONEOS_DEPLOYMENT_TARGET = 16.1;
				MACOSX_DEPLOYMENT_TARGET = 12.6;
				MARKETING_VERSION = 1.0;
				PRODUCT_BUNDLE_IDENTIFIER = ch.fhnw.CryptoAppUITests;
				PRODUCT_NAME = "$(TARGET_NAME)";
				SDKROOT = auto;
				SUPPORTED_PLATFORMS = "iphoneos iphonesimulator";
				SUPPORTS_MACCATALYST = NO;
				SUPPORTS_MAC_DESIGNED_FOR_IPHONE_IPAD = NO;
				SWIFT_EMIT_LOC_STRINGS = NO;
				SWIFT_VERSION = 5.0;
				TARGETED_DEVICE_FAMILY = "1,2";
				TEST_TARGET_NAME = CryptoApp;
			};
			name = Release;
		};
/* End XCBuildConfiguration section */

/* Begin XCConfigurationList section */
		273B5FEF2944C535001EDF63 /* Build configuration list for PBXProject "Crypto App" */ = {
			isa = XCConfigurationList;
			buildConfigurations = (
				273B60172944C537001EDF63 /* Debug */,
				273B60182944C537001EDF63 /* Release */,
			);
			defaultConfigurationIsVisible = 0;
			defaultConfigurationName = Release;
		};
		273B60192944C537001EDF63 /* Build configuration list for PBXNativeTarget "CryptoApp" */ = {
			isa = XCConfigurationList;
			buildConfigurations = (
				273B601A2944C537001EDF63 /* Debug */,
				273B601B2944C537001EDF63 /* Release */,
			);
			defaultConfigurationIsVisible = 0;
			defaultConfigurationName = Release;
		};
		273B601C2944C537001EDF63 /* Build configuration list for PBXNativeTarget "CryptoAppTests" */ = {
			isa = XCConfigurationList;
			buildConfigurations = (
				273B601D2944C537001EDF63 /* Debug */,
				273B601E2944C537001EDF63 /* Release */,
			);
			defaultConfigurationIsVisible = 0;
			defaultConfigurationName = Release;
		};
		273B601F2944C537001EDF63 /* Build configuration list for PBXNativeTarget "CryptoAppUITests" */ = {
			isa = XCConfigurationList;
			buildConfigurations = (
				273B60202944C537001EDF63 /* Debug */,
				273B60212944C537001EDF63 /* Release */,
			);
			defaultConfigurationIsVisible = 0;
			defaultConfigurationName = Release;
		};
/* End XCConfigurationList section */
	};
	rootObject = 273B5FEC2944C535001EDF63 /* Project object */;
}
